
Microsoft Visual Studio Solution File, Format Version 12.00
# Visual Studio Version 16
VisualStudioVersion = 16.0.30711.63
MinimumVisualStudioVersion = 10.0.40219.1
Project("{FAE04EC0-301F-11D3-BF4B-00C04F79EFBC}") = "ExercicioCrpito", "ExercicioCrpito.csproj", "{1E5F7C28-2F5D-472B-ABA2-66C7470FDCB1}"
EndProject
Global
	GlobalSection(SolutionConfigurationPlatforms) = preSolution
		Debug|Any CPU = Debug|Any CPU
		Release|Any CPU = Release|Any CPU
	EndGlobalSection
	GlobalSection(ProjectConfigurationPlatforms) = postSolution
		{1E5F7C28-2F5D-472B-ABA2-66C7470FDCB1}.Debug|Any CPU.ActiveCfg = Debug|Any CPU
		{1E5F7C28-2F5D-472B-ABA2-66C7470FDCB1}.Debug|Any CPU.Build.0 = Debug|Any CPU
		{1E5F7C28-2F5D-472B-ABA2-66C7470FDCB1}.Release|Any CPU.ActiveCfg = Release|Any CPU
		{1E5F7C28-2F5D-472B-ABA2-66C7470FDCB1}.Release|Any CPU.Build.0 = Release|Any CPU
	EndGlobalSection
	GlobalSection(SolutionProperties) = preSolution
		HideSolutionNode = FALSE
	EndGlobalSection
	GlobalSection(ExtensibilityGlobals) = postSolution
		SolutionGuid = {8CF225E8-1728-45EA-94EC-E52769CDC919}
	EndGlobalSection
EndGlobal
